{
    "_readme": [
        "This file locks the dependencies of your project to a known state",
        "Read more about it at https://getcomposer.org/doc/01-basic-usage.md#composer-lock-the-lock-file",
        "This file is @generated automatically"
    ],
    "hash": "36b71b6d10ed8256a72c2244875584d4",
    "content-hash": "93de80ede42ad061bf5a5d6c89cc9eff",
    "packages": [
        {
            "name": "webreactor/cli-arguments",
            "version": "dev-master",
            "source": {
                "type": "git",
                "url": "https://github.com/webreactor/cli-arguments.git",
                "reference": "fadc70370e63a7a720794c6eb4c8d1873cd8f369"
            },
            "dist": {
                "type": "zip",
                "url": "https://api.github.com/repos/webreactor/cli-arguments/zipball/fadc70370e63a7a720794c6eb4c8d1873cd8f369",
                "reference": "fadc70370e63a7a720794c6eb4c8d1873cd8f369",
                "shasum": ""
            },
            "type": "library",
            "autoload": {
                "psr-4": {
                    "Reactor\\CliArguments\\": "src/"
                }
            },
            "license": [
                "MIT"
            ],
            "support": {
                "source": "https://github.com/webreactor/cli-arguments/tree/v0.1.0",
                "issues": "https://github.com/webreactor/cli-arguments/issues"
            },
            "time": "2017-02-21 19:51:17"
        },
        {
            "name": "webreactor/db-driver",
            "version": "dev-master",
            "source": {
                "type": "git",
                "url": "https://github.com/webreactor/db-driver.git",
                "reference": "fc0cd1c3f840c24eaac4c47f9e2e9fa2a39a81e9"
            },
            "dist": {
                "type": "zip",
                "url": "https://api.github.com/repos/webreactor/db-driver/zipball/fc0cd1c3f840c24eaac4c47f9e2e9fa2a39a81e9",
                "reference": "fc0cd1c3f840c24eaac4c47f9e2e9fa2a39a81e9",
                "shasum": ""
            },
            "type": "library",
            "autoload": {
                "psr-4": {
                    "Reactor\\Database\\": "src/"
                }
            },
            "license": [
                "MIT"
            ],
            "description": "Database driver",
            "support": {
                "source": "https://github.com/webreactor/db-driver/tree/master",
                "issues": "https://github.com/webreactor/db-driver/issues"
            },
            "time": "2018-01-10 21:36:34"
        },
        {
            "name": "webreactor/http-client",
            "version": "dev-master",
            "source": {
                "type": "git",
                "url": "https://github.com/webreactor/http-client.git",
                "reference": "dabd8e2d51fc35b49b3e7928f3e9359d99adf952"
            },
            "dist": {
                "type": "zip",
                "url": "https://api.github.com/repos/webreactor/http-client/zipball/dabd8e2d51fc35b49b3e7928f3e9359d99adf952",
                "reference": "dabd8e2d51fc35b49b3e7928f3e9359d99adf952",
                "shasum": ""
            },
            "type": "library",
            "autoload": {
                "psr-4": {
                    "Reactor\\HttpClient\\": "src/"
                }
            },
            "license": [
                "MIT"
            ],
            "description": "HTTP Client",
            "support": {
                "source": "https://github.com/webreactor/http-client/tree/master",
                "issues": "https://github.com/webreactor/http-client/issues"
            },
            "time": "2017-12-20 06:10:18"
        }
    ],
    "packages-dev": [],
    "aliases": [],
    "minimum-stability": "stable",
    "stability-flags": {
        "webreactor/cli-arguments": 20,
        "webreactor/http-client": 20,
        "webreactor/db-driver": 20
    },
    "prefer-stable": false,
    "prefer-lowest": false,
    "platform": [],
    "platform-dev": []
}
